
Microsoft Visual Studio Solution File, Format Version 12.00
# Visual Studio Version 16
VisualStudioVersion = 16.0.29509.3
MinimumVisualStudioVersion = 10.0.40219.1
Project("{FAE04EC0-301F-11D3-BF4B-00C04F79EFBC}") = "dotnet-core-simple-api", "dotnet-core-simple-api\dotnet-core-simple-api.csproj", "{B0CB048B-9554-4B50-AE2A-1BEBFEF4C521}"
EndProject
Global
	GlobalSection(SolutionConfigurationPlatforms) = preSolution
		Debug|Any CPU = Debug|Any CPU
		Release|Any CPU = Release|Any CPU
	EndGlobalSection
	GlobalSection(ProjectConfigurationPlatforms) = postSolution
		{B0CB048B-9554-4B50-AE2A-1BEBFEF4C521}.Debug|Any CPU.ActiveCfg = Debug|Any CPU
		{B0CB048B-9554-4B50-AE2A-1BEBFEF4C521}.Debug|Any CPU.Build.0 = Debug|Any CPU
		{B0CB048B-9554-4B50-AE2A-1BEBFEF4C521}.Release|Any CPU.ActiveCfg = Release|Any CPU
		{B0CB048B-9554-4B50-AE2A-1BEBFEF4C521}.Release|Any CPU.Build.0 = Release|Any CPU
	EndGlobalSection
	GlobalSection(SolutionProperties) = preSolution
		HideSolutionNode = FALSE
	EndGlobalSection
	GlobalSection(ExtensibilityGlobals) = postSolution
		SolutionGuid = {B67AF3D6-B35D-4750-9819-F1628C067AAB}
	EndGlobalSection
EndGlobal
